
Microsoft Visual Studio Solution File, Format Version 12.00
# Visual Studio Version 17
VisualStudioVersion = 17.7.34018.315
MinimumVisualStudioVersion = 10.0.40219.1
Project("{9A19103F-16F7-4668-BE54-9A1E7A4F7556}") = "Todo", "Todo.csproj", "{760FB8E9-A16A-4C5A-AE48-E0BA16840050}"
EndProject
Global
	GlobalSection(SolutionConfigurationPlatforms) = preSolution
		Debug|Any CPU = Debug|Any CPU
		Release|Any CPU = Release|Any CPU
	EndGlobalSection
	GlobalSection(ProjectConfigurationPlatforms) = postSolution
		{760FB8E9-A16A-4C5A-AE48-E0BA16840050}.Debug|Any CPU.ActiveCfg = Debug|Any CPU
		{760FB8E9-A16A-4C5A-AE48-E0BA16840050}.Debug|Any CPU.Build.0 = Debug|Any CPU
		{760FB8E9-A16A-4C5A-AE48-E0BA16840050}.Release|Any CPU.ActiveCfg = Release|Any CPU
		{760FB8E9-A16A-4C5A-AE48-E0BA16840050}.Release|Any CPU.Build.0 = Release|Any CPU
	EndGlobalSection
	GlobalSection(SolutionProperties) = preSolution
		HideSolutionNode = FALSE
	EndGlobalSection
	GlobalSection(ExtensibilityGlobals) = postSolution
		SolutionGuid = {203704E1-421D-48F4-941F-214E2B1FC24A}
	EndGlobalSection
EndGlobal
